{
  "version": 4,
  "terraform_version": "1.10.5",
  "serial": 15,
  "lineage": "dbf6b8d2-e81a-cd9d-300d-eb30feba17b1",
  "outputs": {},
  "resources": [
    {
      "mode": "data",
      "type": "kubectl_file_documents",
      "name": "backend",
      "provider": "provider[\"registry.terraform.io/gavinbunney/kubectl\"]",
      "instances": [
        {
          "schema_version": 0,
          "attributes": {
            "content": "apiVersion: apps/v1\r\nkind: Deployment\r\nmetadata:\r\n  name: backend-deployment\r\nspec:\r\n  replicas: 2\r\n  selector:\r\n    matchLabels:\r\n      app: backend\r\n  template:\r\n    metadata:\r\n      labels:\r\n        app: backend\r\n    spec:\r\n      containers:\r\n      - name: backend\r\n        image: backend-service:latest\r\n        imagePullPolicy: Never\r\n        ports:\r\n        - containerPort: 5000\r\n---\r\napiVersion: v1\r\nkind: Service\r\nmetadata:\r\n  name: backend-service\r\nspec:\r\n  type: ClusterIP\r\n  selector:\r\n    app: backend\r\n  ports:\r\n    - port: 5000\r\n      targetPort: 5000",
            "documents": [
              "apiVersion: apps/v1\r\nkind: Deployment\r\nmetadata:\r\n  name: backend-deployment\r\nspec:\r\n  replicas: 2\r\n  selector:\r\n    matchLabels:\r\n      app: backend\r\n  template:\r\n    metadata:\r\n      labels:\r\n        app: backend\r\n    spec:\r\n      containers:\r\n      - name: backend\r\n        image: backend-service:latest\r\n        imagePullPolicy: Never\r\n        ports:\r\n        - containerPort: 5000",
              "apiVersion: v1\r\nkind: Service\r\nmetadata:\r\n  name: backend-service\r\nspec:\r\n  type: ClusterIP\r\n  selector:\r\n    app: backend\r\n  ports:\r\n    - port: 5000\r\n      targetPort: 5000"
            ],
            "id": "51a7f8f8dd44694d7f522e79e8f7e0e59f0295153fb73b2093e16cc74fb3ff78",
            "manifests": {
              "/api/v1/services/backend-service": "apiVersion: v1\nkind: Service\nmetadata:\n  name: backend-service\nspec:\n  ports:\n  - port: 5000\n    targetPort: 5000\n  selector:\n    app: backend\n  type: ClusterIP\n",
              "/apis/apps/v1/deployments/backend-deployment": "apiVersion: apps/v1\nkind: Deployment\nmetadata:\n  name: backend-deployment\nspec:\n  replicas: 2\n  selector:\n    matchLabels:\n      app: backend\n  template:\n    metadata:\n      labels:\n        app: backend\n    spec:\n      containers:\n      - image: backend-service:latest\n        imagePullPolicy: Never\n        name: backend\n        ports:\n        - containerPort: 5000\n"
            }
          },
          "sensitive_attributes": []
        }
      ]
    },
    {
      "mode": "data",
      "type": "kubectl_file_documents",
      "name": "graph",
      "provider": "provider[\"registry.terraform.io/gavinbunney/kubectl\"]",
      "instances": [
        {
          "schema_version": 0,
          "attributes": {
            "content": "apiVersion: apps/v1\r\nkind: Deployment\r\nmetadata:\r\n  name: graph-deployment\r\nspec:\r\n  replicas: 2\r\n  selector:\r\n    matchLabels:\r\n      app: graph\r\n  template:\r\n    metadata:\r\n      labels:\r\n        app: graph\r\n    spec:\r\n      containers:\r\n      - name: graph\r\n        image: graph-service:latest\r\n        imagePullPolicy: Never\r\n        ports:\r\n        - containerPort: 5003\r\n---\r\napiVersion: v1\r\nkind: Service\r\nmetadata:\r\n  name: graph-service\r\nspec:\r\n  type: ClusterIP\r\n  selector:\r\n    app: graph\r\n  ports:\r\n    - port: 5003\r\n      targetPort: 5003",
            "documents": [
              "apiVersion: apps/v1\r\nkind: Deployment\r\nmetadata:\r\n  name: graph-deployment\r\nspec:\r\n  replicas: 2\r\n  selector:\r\n    matchLabels:\r\n      app: graph\r\n  template:\r\n    metadata:\r\n      labels:\r\n        app: graph\r\n    spec:\r\n      containers:\r\n      - name: graph\r\n        image: graph-service:latest\r\n        imagePullPolicy: Never\r\n        ports:\r\n        - containerPort: 5003",
              "apiVersion: v1\r\nkind: Service\r\nmetadata:\r\n  name: graph-service\r\nspec:\r\n  type: ClusterIP\r\n  selector:\r\n    app: graph\r\n  ports:\r\n    - port: 5003\r\n      targetPort: 5003"
            ],
            "id": "57ba8cca77286798cf396f00677d939fa06e09d914e807a7e2645a7b87825695",
            "manifests": {
              "/api/v1/services/graph-service": "apiVersion: v1\nkind: Service\nmetadata:\n  name: graph-service\nspec:\n  ports:\n  - port: 5003\n    targetPort: 5003\n  selector:\n    app: graph\n  type: ClusterIP\n",
              "/apis/apps/v1/deployments/graph-deployment": "apiVersion: apps/v1\nkind: Deployment\nmetadata:\n  name: graph-deployment\nspec:\n  replicas: 2\n  selector:\n    matchLabels:\n      app: graph\n  template:\n    metadata:\n      labels:\n        app: graph\n    spec:\n      containers:\n      - image: graph-service:latest\n        imagePullPolicy: Never\n        name: graph\n        ports:\n        - containerPort: 5003\n"
            }
          },
          "sensitive_attributes": []
        }
      ]
    },
    {
      "mode": "data",
      "type": "kubectl_file_documents",
      "name": "ingress",
      "provider": "provider[\"registry.terraform.io/gavinbunney/kubectl\"]",
      "instances": [
        {
          "schema_version": 0,
          "attributes": {
            "content": "apiVersion: networking.k8s.io/v1\r\nkind: Ingress\r\nmetadata:\r\n  name: main-ingress\r\n  annotations:\r\n    kubernetes.io/ingress.class: nginx\r\n    # Rewrites \"/api/dashboard\" -\u003e \"/dashboard\" before sending to Backend\r\n    nginx.ingress.kubernetes.io/rewrite-target: /$2\r\nspec:\r\n  rules:\r\n  - http:\r\n      paths:\r\n      # Route 1: Frontend (UI)\r\n      - path: /()(.*)\r\n        pathType: Prefix\r\n        backend:\r\n          service:\r\n            name: ui-service\r\n            port:\r\n              number: 80\r\n\r\n      # Route 2: Backend API\r\n      - path: /api(/|$)(.*)\r\n        pathType: Prefix\r\n        backend:\r\n          service:\r\n            name: backend-service\r\n            port:\r\n              number: 5000",
            "documents": [
              "apiVersion: networking.k8s.io/v1\r\nkind: Ingress\r\nmetadata:\r\n  name: main-ingress\r\n  annotations:\r\n    kubernetes.io/ingress.class: nginx\r\n    # Rewrites \"/api/dashboard\" -\u003e \"/dashboard\" before sending to Backend\r\n    nginx.ingress.kubernetes.io/rewrite-target: /$2\r\nspec:\r\n  rules:\r\n  - http:\r\n      paths:\r\n      # Route 1: Frontend (UI)\r\n      - path: /()(.*)\r\n        pathType: Prefix\r\n        backend:\r\n          service:\r\n            name: ui-service\r\n            port:\r\n              number: 80\r\n\r\n      # Route 2: Backend API\r\n      - path: /api(/|$)(.*)\r\n        pathType: Prefix\r\n        backend:\r\n          service:\r\n            name: backend-service\r\n            port:\r\n              number: 5000"
            ],
            "id": "e0f2bfc6bfae502799c8f7bd0310d431efc3c0d7ee83a10ea15b434d473f7782",
            "manifests": {
              "/apis/networking.k8s.io/v1/ingresses/main-ingress": "apiVersion: networking.k8s.io/v1\nkind: Ingress\nmetadata:\n  annotations:\n    kubernetes.io/ingress.class: nginx\n    nginx.ingress.kubernetes.io/rewrite-target: /$2\n  name: main-ingress\nspec:\n  rules:\n  - http:\n      paths:\n      - backend:\n          service:\n            name: ui-service\n            port:\n              number: 80\n        path: /()(.*)\n        pathType: Prefix\n      - backend:\n          service:\n            name: backend-service\n            port:\n              number: 5000\n        path: /api(/|$)(.*)\n        pathType: Prefix\n"
            }
          },
          "sensitive_attributes": []
        }
      ]
    },
    {
      "mode": "data",
      "type": "kubectl_file_documents",
      "name": "ingress_controller",
      "provider": "provider[\"registry.terraform.io/gavinbunney/kubectl\"]",
      "instances": [
        {
          "schema_version": 0,
          "attributes": {
            "content": "apiVersion: v1\r\nkind: Namespace\r\nmetadata:\r\n  name: ingress-nginx\r\n---\r\napiVersion: v1\r\nkind: ServiceAccount\r\nmetadata:\r\n  name: ingress-nginx\r\n  namespace: ingress-nginx\r\n---\r\napiVersion: v1\r\nkind: Service\r\nmetadata:\r\n  name: ingress-nginx-controller\r\n  namespace: ingress-nginx\r\nspec:\r\n  type: NodePort\r\n  selector:\r\n    app: ingress-nginx\r\n  ports:\r\n    - name: http\r\n      port: 80\r\n      targetPort: 80\r\n      nodePort: 32080\r\n    - name: https\r\n      port: 443\r\n      targetPort: 443\r\n      nodePort: 32443\r\n---\r\napiVersion: apps/v1\r\nkind: Deployment\r\nmetadata:\r\n  name: ingress-nginx-controller\r\n  namespace: ingress-nginx\r\nspec:\r\n  replicas: 1\r\n  selector:\r\n    matchLabels:\r\n      app: ingress-nginx\r\n  template:\r\n    metadata:\r\n      labels:\r\n        app: ingress-nginx\r\n    spec:\r\n      serviceAccountName: ingress-nginx\r\n      containers:\r\n        - name: controller\r\n          image: registry.k8s.io/ingress-nginx/controller:v1.11.3\r\n          args:\r\n            - /nginx-ingress-controller\r\n            - --publish-service=$(POD_NAMESPACE)/ingress-nginx-controller\r\n            - --election-id=ingress-controller-leader\r\n            - --ingress-class=nginx\r\n            - --configmap=$(POD_NAMESPACE)/ingress-nginx-controller\r\n          ports:\r\n            - name: http\r\n              containerPort: 80\r\n            - name: https\r\n              containerPort: 443\r\n          readinessProbe:\r\n            httpGet:\r\n              path: /healthz\r\n              port: 10254\r\n          livenessProbe:\r\n            httpGet:\r\n              path: /healthz\r\n              port: 10254\r\n---\r\napiVersion: v1\r\nkind: ConfigMap\r\nmetadata:\r\n  name: ingress-nginx-controller\r\n  namespace: ingress-nginx\r\n",
            "documents": [
              "apiVersion: v1\r\nkind: Namespace\r\nmetadata:\r\n  name: ingress-nginx",
              "apiVersion: v1\r\nkind: ServiceAccount\r\nmetadata:\r\n  name: ingress-nginx\r\n  namespace: ingress-nginx",
              "apiVersion: v1\r\nkind: Service\r\nmetadata:\r\n  name: ingress-nginx-controller\r\n  namespace: ingress-nginx\r\nspec:\r\n  type: NodePort\r\n  selector:\r\n    app: ingress-nginx\r\n  ports:\r\n    - name: http\r\n      port: 80\r\n      targetPort: 80\r\n      nodePort: 32080\r\n    - name: https\r\n      port: 443\r\n      targetPort: 443\r\n      nodePort: 32443",
              "apiVersion: apps/v1\r\nkind: Deployment\r\nmetadata:\r\n  name: ingress-nginx-controller\r\n  namespace: ingress-nginx\r\nspec:\r\n  replicas: 1\r\n  selector:\r\n    matchLabels:\r\n      app: ingress-nginx\r\n  template:\r\n    metadata:\r\n      labels:\r\n        app: ingress-nginx\r\n    spec:\r\n      serviceAccountName: ingress-nginx\r\n      containers:\r\n        - name: controller\r\n          image: registry.k8s.io/ingress-nginx/controller:v1.11.3\r\n          args:\r\n            - /nginx-ingress-controller\r\n            - --publish-service=$(POD_NAMESPACE)/ingress-nginx-controller\r\n            - --election-id=ingress-controller-leader\r\n            - --ingress-class=nginx\r\n            - --configmap=$(POD_NAMESPACE)/ingress-nginx-controller\r\n          ports:\r\n            - name: http\r\n              containerPort: 80\r\n            - name: https\r\n              containerPort: 443\r\n          readinessProbe:\r\n            httpGet:\r\n              path: /healthz\r\n              port: 10254\r\n          livenessProbe:\r\n            httpGet:\r\n              path: /healthz\r\n              port: 10254",
              "apiVersion: v1\r\nkind: ConfigMap\r\nmetadata:\r\n  name: ingress-nginx-controller\r\n  namespace: ingress-nginx"
            ],
            "id": "92db3668e002e47d23077934650e982f120acd7c4df1b7cda727978073ce701f",
            "manifests": {
              "/api/v1/namespaces/ingress-nginx": "apiVersion: v1\nkind: Namespace\nmetadata:\n  name: ingress-nginx\n",
              "/api/v1/namespaces/ingress-nginx/configmaps/ingress-nginx-controller": "apiVersion: v1\nkind: ConfigMap\nmetadata:\n  name: ingress-nginx-controller\n  namespace: ingress-nginx\n",
              "/api/v1/namespaces/ingress-nginx/serviceaccounts/ingress-nginx": "apiVersion: v1\nkind: ServiceAccount\nmetadata:\n  name: ingress-nginx\n  namespace: ingress-nginx\n",
              "/api/v1/namespaces/ingress-nginx/services/ingress-nginx-controller": "apiVersion: v1\nkind: Service\nmetadata:\n  name: ingress-nginx-controller\n  namespace: ingress-nginx\nspec:\n  ports:\n  - name: http\n    nodePort: 32080\n    port: 80\n    targetPort: 80\n  - name: https\n    nodePort: 32443\n    port: 443\n    targetPort: 443\n  selector:\n    app: ingress-nginx\n  type: NodePort\n",
              "/apis/apps/v1/namespaces/ingress-nginx/deployments/ingress-nginx-controller": "apiVersion: apps/v1\nkind: Deployment\nmetadata:\n  name: ingress-nginx-controller\n  namespace: ingress-nginx\nspec:\n  replicas: 1\n  selector:\n    matchLabels:\n      app: ingress-nginx\n  template:\n    metadata:\n      labels:\n        app: ingress-nginx\n    spec:\n      containers:\n      - args:\n        - /nginx-ingress-controller\n        - --publish-service=$(POD_NAMESPACE)/ingress-nginx-controller\n        - --election-id=ingress-controller-leader\n        - --ingress-class=nginx\n        - --configmap=$(POD_NAMESPACE)/ingress-nginx-controller\n        image: registry.k8s.io/ingress-nginx/controller:v1.11.3\n        livenessProbe:\n          httpGet:\n            path: /healthz\n            port: 10254\n        name: controller\n        ports:\n        - containerPort: 80\n          name: http\n        - containerPort: 443\n          name: https\n        readinessProbe:\n          httpGet:\n            path: /healthz\n            port: 10254\n      serviceAccountName: ingress-nginx\n"
            }
          },
          "sensitive_attributes": []
        }
      ]
    },
    {
      "mode": "data",
      "type": "kubectl_file_documents",
      "name": "linkedlist",
      "provider": "provider[\"registry.terraform.io/gavinbunney/kubectl\"]",
      "instances": [
        {
          "schema_version": 0,
          "attributes": {
            "content": "apiVersion: apps/v1\r\nkind: Deployment\r\nmetadata:\r\n  name: linkedlist-deployment\r\nspec:\r\n  replicas: 2\r\n  selector:\r\n    matchLabels:\r\n      app: linkedlist\r\n  template:\r\n    metadata:\r\n      labels:\r\n        app: linkedlist\r\n    spec:\r\n      containers:\r\n      - name: linkedlist\r\n        image: linkedlist-service:latest\r\n        imagePullPolicy: Never\r\n        ports:\r\n        - containerPort: 5002\r\n---\r\napiVersion: v1\r\nkind: Service\r\nmetadata:\r\n  name: linkedlist-service\r\nspec:\r\n  type: ClusterIP\r\n  selector:\r\n    app: linkedlist\r\n  ports:\r\n    - port: 5002\r\n      targetPort: 5002",
            "documents": [
              "apiVersion: apps/v1\r\nkind: Deployment\r\nmetadata:\r\n  name: linkedlist-deployment\r\nspec:\r\n  replicas: 2\r\n  selector:\r\n    matchLabels:\r\n      app: linkedlist\r\n  template:\r\n    metadata:\r\n      labels:\r\n        app: linkedlist\r\n    spec:\r\n      containers:\r\n      - name: linkedlist\r\n        image: linkedlist-service:latest\r\n        imagePullPolicy: Never\r\n        ports:\r\n        - containerPort: 5002",
              "apiVersion: v1\r\nkind: Service\r\nmetadata:\r\n  name: linkedlist-service\r\nspec:\r\n  type: ClusterIP\r\n  selector:\r\n    app: linkedlist\r\n  ports:\r\n    - port: 5002\r\n      targetPort: 5002"
            ],
            "id": "60ef09abee0fb657040ed7168cf8664b50d8d8ad7fdd389dd3752f2b4f018797",
            "manifests": {
              "/api/v1/services/linkedlist-service": "apiVersion: v1\nkind: Service\nmetadata:\n  name: linkedlist-service\nspec:\n  ports:\n  - port: 5002\n    targetPort: 5002\n  selector:\n    app: linkedlist\n  type: ClusterIP\n",
              "/apis/apps/v1/deployments/linkedlist-deployment": "apiVersion: apps/v1\nkind: Deployment\nmetadata:\n  name: linkedlist-deployment\nspec:\n  replicas: 2\n  selector:\n    matchLabels:\n      app: linkedlist\n  template:\n    metadata:\n      labels:\n        app: linkedlist\n    spec:\n      containers:\n      - image: linkedlist-service:latest\n        imagePullPolicy: Never\n        name: linkedlist\n        ports:\n        - containerPort: 5002\n"
            }
          },
          "sensitive_attributes": []
        }
      ]
    },
    {
      "mode": "data",
      "type": "kubectl_file_documents",
      "name": "stack",
      "provider": "provider[\"registry.terraform.io/gavinbunney/kubectl\"]",
      "instances": [
        {
          "schema_version": 0,
          "attributes": {
            "content": "apiVersion: apps/v1\r\nkind: Deployment\r\nmetadata:\r\n  name: stack-deployment\r\nspec:\r\n  replicas: 2\r\n  selector:\r\n    matchLabels:\r\n      app: stack\r\n  template:\r\n    metadata:\r\n      labels:\r\n        app: stack\r\n    spec:\r\n      containers:\r\n      - name: stack\r\n        image: stack-service:latest\r\n        imagePullPolicy: Never\r\n        ports:\r\n        - containerPort: 5001\r\n---\r\napiVersion: v1\r\nkind: Service\r\nmetadata:\r\n  name: stack-service\r\nspec:\r\n  type: ClusterIP\r\n  selector:\r\n    app: stack\r\n  ports:\r\n    - port: 5001\r\n      targetPort: 5001",
            "documents": [
              "apiVersion: apps/v1\r\nkind: Deployment\r\nmetadata:\r\n  name: stack-deployment\r\nspec:\r\n  replicas: 2\r\n  selector:\r\n    matchLabels:\r\n      app: stack\r\n  template:\r\n    metadata:\r\n      labels:\r\n        app: stack\r\n    spec:\r\n      containers:\r\n      - name: stack\r\n        image: stack-service:latest\r\n        imagePullPolicy: Never\r\n        ports:\r\n        - containerPort: 5001",
              "apiVersion: v1\r\nkind: Service\r\nmetadata:\r\n  name: stack-service\r\nspec:\r\n  type: ClusterIP\r\n  selector:\r\n    app: stack\r\n  ports:\r\n    - port: 5001\r\n      targetPort: 5001"
            ],
            "id": "511d3f1ec28cf0cbce94433c38a15859a2efd4892e167020096a76defcae521a",
            "manifests": {
              "/api/v1/services/stack-service": "apiVersion: v1\nkind: Service\nmetadata:\n  name: stack-service\nspec:\n  ports:\n  - port: 5001\n    targetPort: 5001\n  selector:\n    app: stack\n  type: ClusterIP\n",
              "/apis/apps/v1/deployments/stack-deployment": "apiVersion: apps/v1\nkind: Deployment\nmetadata:\n  name: stack-deployment\nspec:\n  replicas: 2\n  selector:\n    matchLabels:\n      app: stack\n  template:\n    metadata:\n      labels:\n        app: stack\n    spec:\n      containers:\n      - image: stack-service:latest\n        imagePullPolicy: Never\n        name: stack\n        ports:\n        - containerPort: 5001\n"
            }
          },
          "sensitive_attributes": []
        }
      ]
    },
    {
      "mode": "data",
      "type": "kubectl_file_documents",
      "name": "ui",
      "provider": "provider[\"registry.terraform.io/gavinbunney/kubectl\"]",
      "instances": [
        {
          "schema_version": 0,
          "attributes": {
            "content": "apiVersion: apps/v1\r\nkind: Deployment\r\nmetadata:\r\n  name: ui-deployment\r\nspec:\r\n  replicas: 2\r\n  selector:\r\n    matchLabels:\r\n      app: ui\r\n  template:\r\n    metadata:\r\n      labels:\r\n        app: ui\r\n    spec:\r\n      containers:\r\n      - name: ui\r\n        image: ui-service:latest\r\n        imagePullPolicy: Never\r\n        ports:\r\n        - containerPort: 80\r\n---\r\napiVersion: v1\r\nkind: Service\r\nmetadata:\r\n  name: ui-service\r\nspec:\r\n  type: ClusterIP\r\n  selector:\r\n    app: ui\r\n  ports:\r\n    - port: 80\r\n      targetPort: 80",
            "documents": [
              "apiVersion: apps/v1\r\nkind: Deployment\r\nmetadata:\r\n  name: ui-deployment\r\nspec:\r\n  replicas: 2\r\n  selector:\r\n    matchLabels:\r\n      app: ui\r\n  template:\r\n    metadata:\r\n      labels:\r\n        app: ui\r\n    spec:\r\n      containers:\r\n      - name: ui\r\n        image: ui-service:latest\r\n        imagePullPolicy: Never\r\n        ports:\r\n        - containerPort: 80",
              "apiVersion: v1\r\nkind: Service\r\nmetadata:\r\n  name: ui-service\r\nspec:\r\n  type: ClusterIP\r\n  selector:\r\n    app: ui\r\n  ports:\r\n    - port: 80\r\n      targetPort: 80"
            ],
            "id": "5ae0786d3112245d5769ba4f6cd870c3cf2eb7b1c5995ab942030879ab54f075",
            "manifests": {
              "/api/v1/services/ui-service": "apiVersion: v1\nkind: Service\nmetadata:\n  name: ui-service\nspec:\n  ports:\n  - port: 80\n    targetPort: 80\n  selector:\n    app: ui\n  type: ClusterIP\n",
              "/apis/apps/v1/deployments/ui-deployment": "apiVersion: apps/v1\nkind: Deployment\nmetadata:\n  name: ui-deployment\nspec:\n  replicas: 2\n  selector:\n    matchLabels:\n      app: ui\n  template:\n    metadata:\n      labels:\n        app: ui\n    spec:\n      containers:\n      - image: ui-service:latest\n        imagePullPolicy: Never\n        name: ui\n        ports:\n        - containerPort: 80\n"
            }
          },
          "sensitive_attributes": []
        }
      ]
    },
    {
      "mode": "managed",
      "type": "kubectl_manifest",
      "name": "backend",
      "provider": "provider[\"registry.terraform.io/gavinbunney/kubectl\"]",
      "instances": [
        {
          "index_key": "/api/v1/services/backend-service",
          "schema_version": 1,
          "attributes": {
            "api_version": "v1",
            "apply_only": false,
            "force_conflicts": false,
            "force_new": false,
            "id": "/api/v1/namespaces/default/services/backend-service",
            "ignore_fields": null,
            "kind": "Service",
            "live_manifest_incluster": "f5b1d072241786f423f572cec37c96234786dbdb6b2f97de0ae640b4cda65754",
            "live_uid": "16b63f86-71c4-4d0a-a483-d57769e6de42",
            "name": "backend-service",
            "namespace": null,
            "override_namespace": null,
            "sensitive_fields": null,
            "server_side_apply": false,
            "timeouts": null,
            "uid": "16b63f86-71c4-4d0a-a483-d57769e6de42",
            "validate_schema": true,
            "wait": null,
            "wait_for_rollout": true,
            "yaml_body": "apiVersion: v1\nkind: Service\nmetadata:\n  name: backend-service\nspec:\n  ports:\n  - port: 5000\n    targetPort: 5000\n  selector:\n    app: backend\n  type: ClusterIP\n",
            "yaml_body_parsed": "apiVersion: v1\nkind: Service\nmetadata:\n  name: backend-service\nspec:\n  ports:\n  - port: 5000\n    targetPort: 5000\n  selector:\n    app: backend\n  type: ClusterIP\n",
            "yaml_incluster": "f5b1d072241786f423f572cec37c96234786dbdb6b2f97de0ae640b4cda65754"
          },
          "sensitive_attributes": [
            [
              {
                "type": "get_attr",
                "value": "yaml_incluster"
              }
            ],
            [
              {
                "type": "get_attr",
                "value": "yaml_body"
              }
            ],
            [
              {
                "type": "get_attr",
                "value": "live_manifest_incluster"
              }
            ]
          ],
          "private": "eyJlMmJmYjczMC1lY2FhLTExZTYtOGY4OC0zNDM2M2JjN2M0YzAiOnsiY3JlYXRlIjo2MDAwMDAwMDAwMDB9LCJzY2hlbWFfdmVyc2lvbiI6IjEifQ==",
          "dependencies": [
            "data.kubectl_file_documents.backend"
          ]
        },
        {
          "index_key": "/apis/apps/v1/deployments/backend-deployment",
          "schema_version": 1,
          "attributes": {
            "api_version": "apps/v1",
            "apply_only": false,
            "force_conflicts": false,
            "force_new": false,
            "id": "/apis/apps/v1/namespaces/default/deployments/backend-deployment",
            "ignore_fields": null,
            "kind": "Deployment",
            "live_manifest_incluster": "4d8bb4f3a31e50db0bb3046d0f1110be989c154fbbb289548c813a5de20dc19a",
            "live_uid": "4aa6dcdc-a070-4b6b-94dc-fca779307102",
            "name": "backend-deployment",
            "namespace": null,
            "override_namespace": null,
            "sensitive_fields": null,
            "server_side_apply": false,
            "timeouts": null,
            "uid": "4aa6dcdc-a070-4b6b-94dc-fca779307102",
            "validate_schema": true,
            "wait": null,
            "wait_for_rollout": true,
            "yaml_body": "apiVersion: apps/v1\nkind: Deployment\nmetadata:\n  name: backend-deployment\nspec:\n  replicas: 2\n  selector:\n    matchLabels:\n      app: backend\n  template:\n    metadata:\n      labels:\n        app: backend\n    spec:\n      containers:\n      - image: backend-service:latest\n        imagePullPolicy: Never\n        name: backend\n        ports:\n        - containerPort: 5000\n",
            "yaml_body_parsed": "apiVersion: apps/v1\nkind: Deployment\nmetadata:\n  name: backend-deployment\nspec:\n  replicas: 2\n  selector:\n    matchLabels:\n      app: backend\n  template:\n    metadata:\n      labels:\n        app: backend\n    spec:\n      containers:\n      - image: backend-service:latest\n        imagePullPolicy: Never\n        name: backend\n        ports:\n        - containerPort: 5000\n",
            "yaml_incluster": "4d8bb4f3a31e50db0bb3046d0f1110be989c154fbbb289548c813a5de20dc19a"
          },
          "sensitive_attributes": [
            [
              {
                "type": "get_attr",
                "value": "live_manifest_incluster"
              }
            ],
            [
              {
                "type": "get_attr",
                "value": "yaml_body"
              }
            ],
            [
              {
                "type": "get_attr",
                "value": "yaml_incluster"
              }
            ]
          ],
          "private": "eyJlMmJmYjczMC1lY2FhLTExZTYtOGY4OC0zNDM2M2JjN2M0YzAiOnsiY3JlYXRlIjo2MDAwMDAwMDAwMDB9LCJzY2hlbWFfdmVyc2lvbiI6IjEifQ==",
          "dependencies": [
            "data.kubectl_file_documents.backend"
          ]
        }
      ]
    },
    {
      "mode": "managed",
      "type": "kubectl_manifest",
      "name": "graph",
      "provider": "provider[\"registry.terraform.io/gavinbunney/kubectl\"]",
      "instances": [
        {
          "index_key": "/api/v1/services/graph-service",
          "schema_version": 1,
          "attributes": {
            "api_version": "v1",
            "apply_only": false,
            "force_conflicts": false,
            "force_new": false,
            "id": "/api/v1/namespaces/default/services/graph-service",
            "ignore_fields": null,
            "kind": "Service",
            "live_manifest_incluster": "c56ca967b08916cbac8aa2ba897dea09a2dfc20000a49194d47e0cc5bb193d85",
            "live_uid": "887465c4-c224-4935-bdec-f4eaceb2dcb7",
            "name": "graph-service",
            "namespace": null,
            "override_namespace": null,
            "sensitive_fields": null,
            "server_side_apply": false,
            "timeouts": null,
            "uid": "887465c4-c224-4935-bdec-f4eaceb2dcb7",
            "validate_schema": true,
            "wait": null,
            "wait_for_rollout": true,
            "yaml_body": "apiVersion: v1\nkind: Service\nmetadata:\n  name: graph-service\nspec:\n  ports:\n  - port: 5003\n    targetPort: 5003\n  selector:\n    app: graph\n  type: ClusterIP\n",
            "yaml_body_parsed": "apiVersion: v1\nkind: Service\nmetadata:\n  name: graph-service\nspec:\n  ports:\n  - port: 5003\n    targetPort: 5003\n  selector:\n    app: graph\n  type: ClusterIP\n",
            "yaml_incluster": "c56ca967b08916cbac8aa2ba897dea09a2dfc20000a49194d47e0cc5bb193d85"
          },
          "sensitive_attributes": [
            [
              {
                "type": "get_attr",
                "value": "yaml_body"
              }
            ],
            [
              {
                "type": "get_attr",
                "value": "yaml_incluster"
              }
            ],
            [
              {
                "type": "get_attr",
                "value": "live_manifest_incluster"
              }
            ]
          ],
          "private": "eyJlMmJmYjczMC1lY2FhLTExZTYtOGY4OC0zNDM2M2JjN2M0YzAiOnsiY3JlYXRlIjo2MDAwMDAwMDAwMDB9LCJzY2hlbWFfdmVyc2lvbiI6IjEifQ==",
          "dependencies": [
            "data.kubectl_file_documents.graph"
          ]
        },
        {
          "index_key": "/apis/apps/v1/deployments/graph-deployment",
          "schema_version": 1,
          "attributes": {
            "api_version": "apps/v1",
            "apply_only": false,
            "force_conflicts": false,
            "force_new": false,
            "id": "/apis/apps/v1/namespaces/default/deployments/graph-deployment",
            "ignore_fields": null,
            "kind": "Deployment",
            "live_manifest_incluster": "53d45fc7401a9701539e399ee5b18389b95a0d6f4915294da12bcc1ce540662e",
            "live_uid": "c5c06454-f46c-4bff-9d51-01579072d0a2",
            "name": "graph-deployment",
            "namespace": null,
            "override_namespace": null,
            "sensitive_fields": null,
            "server_side_apply": false,
            "timeouts": null,
            "uid": "c5c06454-f46c-4bff-9d51-01579072d0a2",
            "validate_schema": true,
            "wait": null,
            "wait_for_rollout": true,
            "yaml_body": "apiVersion: apps/v1\nkind: Deployment\nmetadata:\n  name: graph-deployment\nspec:\n  replicas: 2\n  selector:\n    matchLabels:\n      app: graph\n  template:\n    metadata:\n      labels:\n        app: graph\n    spec:\n      containers:\n      - image: graph-service:latest\n        imagePullPolicy: Never\n        name: graph\n        ports:\n        - containerPort: 5003\n",
            "yaml_body_parsed": "apiVersion: apps/v1\nkind: Deployment\nmetadata:\n  name: graph-deployment\nspec:\n  replicas: 2\n  selector:\n    matchLabels:\n      app: graph\n  template:\n    metadata:\n      labels:\n        app: graph\n    spec:\n      containers:\n      - image: graph-service:latest\n        imagePullPolicy: Never\n        name: graph\n        ports:\n        - containerPort: 5003\n",
            "yaml_incluster": "53d45fc7401a9701539e399ee5b18389b95a0d6f4915294da12bcc1ce540662e"
          },
          "sensitive_attributes": [
            [
              {
                "type": "get_attr",
                "value": "yaml_incluster"
              }
            ],
            [
              {
                "type": "get_attr",
                "value": "yaml_body"
              }
            ],
            [
              {
                "type": "get_attr",
                "value": "live_manifest_incluster"
              }
            ]
          ],
          "private": "eyJlMmJmYjczMC1lY2FhLTExZTYtOGY4OC0zNDM2M2JjN2M0YzAiOnsiY3JlYXRlIjo2MDAwMDAwMDAwMDB9LCJzY2hlbWFfdmVyc2lvbiI6IjEifQ==",
          "dependencies": [
            "data.kubectl_file_documents.graph"
          ]
        }
      ]
    },
    {
      "mode": "managed",
      "type": "kubectl_manifest",
      "name": "ingress",
      "provider": "provider[\"registry.terraform.io/gavinbunney/kubectl\"]",
      "instances": [
        {
          "index_key": "/apis/networking.k8s.io/v1/ingresses/main-ingress",
          "schema_version": 1,
          "attributes": {
            "api_version": "networking.k8s.io/v1",
            "apply_only": false,
            "force_conflicts": false,
            "force_new": false,
            "id": "/apis/networking.k8s.io/v1/namespaces/default/ingresses/main-ingress",
            "ignore_fields": null,
            "kind": "Ingress",
            "live_manifest_incluster": "46c00e074b023336284c62ea5072f58f2166945bfe93eb9b91a78a9d8a9b3111",
            "live_uid": "35391ae3-b138-4d23-8f78-b329beb60106",
            "name": "main-ingress",
            "namespace": null,
            "override_namespace": null,
            "sensitive_fields": null,
            "server_side_apply": false,
            "timeouts": null,
            "uid": "35391ae3-b138-4d23-8f78-b329beb60106",
            "validate_schema": true,
            "wait": null,
            "wait_for_rollout": true,
            "yaml_body": "apiVersion: networking.k8s.io/v1\nkind: Ingress\nmetadata:\n  annotations:\n    kubernetes.io/ingress.class: nginx\n    nginx.ingress.kubernetes.io/rewrite-target: /$2\n  name: main-ingress\nspec:\n  rules:\n  - http:\n      paths:\n      - backend:\n          service:\n            name: ui-service\n            port:\n              number: 80\n        path: /()(.*)\n        pathType: Prefix\n      - backend:\n          service:\n            name: backend-service\n            port:\n              number: 5000\n        path: /api(/|$)(.*)\n        pathType: Prefix\n",
            "yaml_body_parsed": "apiVersion: networking.k8s.io/v1\nkind: Ingress\nmetadata:\n  annotations:\n    kubernetes.io/ingress.class: nginx\n    nginx.ingress.kubernetes.io/rewrite-target: /$2\n  name: main-ingress\nspec:\n  rules:\n  - http:\n      paths:\n      - backend:\n          service:\n            name: ui-service\n            port:\n              number: 80\n        path: /()(.*)\n        pathType: Prefix\n      - backend:\n          service:\n            name: backend-service\n            port:\n              number: 5000\n        path: /api(/|$)(.*)\n        pathType: Prefix\n",
            "yaml_incluster": "46c00e074b023336284c62ea5072f58f2166945bfe93eb9b91a78a9d8a9b3111"
          },
          "sensitive_attributes": [
            [
              {
                "type": "get_attr",
                "value": "live_manifest_incluster"
              }
            ],
            [
              {
                "type": "get_attr",
                "value": "yaml_body"
              }
            ],
            [
              {
                "type": "get_attr",
                "value": "yaml_incluster"
              }
            ]
          ],
          "private": "eyJlMmJmYjczMC1lY2FhLTExZTYtOGY4OC0zNDM2M2JjN2M0YzAiOnsiY3JlYXRlIjo2MDAwMDAwMDAwMDB9LCJzY2hlbWFfdmVyc2lvbiI6IjEifQ==",
          "dependencies": [
            "data.kubectl_file_documents.ingress"
          ]
        }
      ]
    },
    {
      "mode": "managed",
      "type": "kubectl_manifest",
      "name": "ingress_controller",
      "provider": "provider[\"registry.terraform.io/gavinbunney/kubectl\"]",
      "instances": [
        {
          "index_key": "/api/v1/namespaces/ingress-nginx",
          "schema_version": 1,
          "attributes": {
            "api_version": "v1",
            "apply_only": false,
            "force_conflicts": false,
            "force_new": false,
            "id": "/api/v1/namespaces/ingress-nginx",
            "ignore_fields": null,
            "kind": "Namespace",
            "live_manifest_incluster": "e388b088e4b41fa7e3de9fcb29db3ac3bc719eeba3f1be9163931aab0dd9adfb",
            "live_uid": "e4a1bfd5-65d6-47cf-8766-2fa472190e25",
            "name": "ingress-nginx",
            "namespace": null,
            "override_namespace": null,
            "sensitive_fields": null,
            "server_side_apply": false,
            "timeouts": null,
            "uid": "e4a1bfd5-65d6-47cf-8766-2fa472190e25",
            "validate_schema": true,
            "wait": null,
            "wait_for_rollout": true,
            "yaml_body": "apiVersion: v1\nkind: Namespace\nmetadata:\n  name: ingress-nginx\n",
            "yaml_body_parsed": "apiVersion: v1\nkind: Namespace\nmetadata:\n  name: ingress-nginx\n",
            "yaml_incluster": "e388b088e4b41fa7e3de9fcb29db3ac3bc719eeba3f1be9163931aab0dd9adfb"
          },
          "sensitive_attributes": [
            [
              {
                "type": "get_attr",
                "value": "yaml_body"
              }
            ],
            [
              {
                "type": "get_attr",
                "value": "yaml_incluster"
              }
            ],
            [
              {
                "type": "get_attr",
                "value": "live_manifest_incluster"
              }
            ]
          ],
          "private": "eyJlMmJmYjczMC1lY2FhLTExZTYtOGY4OC0zNDM2M2JjN2M0YzAiOnsiY3JlYXRlIjo2MDAwMDAwMDAwMDB9LCJzY2hlbWFfdmVyc2lvbiI6IjEifQ==",
          "dependencies": [
            "data.kubectl_file_documents.ingress_controller"
          ]
        },
        {
          "index_key": "/api/v1/namespaces/ingress-nginx/configmaps/ingress-nginx-controller",
          "schema_version": 1,
          "attributes": {
            "api_version": "v1",
            "apply_only": false,
            "force_conflicts": false,
            "force_new": false,
            "id": "/api/v1/namespaces/ingress-nginx/configmaps/ingress-nginx-controller",
            "ignore_fields": null,
            "kind": "ConfigMap",
            "live_manifest_incluster": "7cc44ca20413b3feda68ec9f2b83544d9fd5dde056d74b5ab0843354c5a9617f",
            "live_uid": "178f3467-159b-4498-b6f0-14b6e5ad6f41",
            "name": "ingress-nginx-controller",
            "namespace": "ingress-nginx",
            "override_namespace": null,
            "sensitive_fields": null,
            "server_side_apply": false,
            "timeouts": null,
            "uid": "178f3467-159b-4498-b6f0-14b6e5ad6f41",
            "validate_schema": true,
            "wait": null,
            "wait_for_rollout": true,
            "yaml_body": "apiVersion: v1\nkind: ConfigMap\nmetadata:\n  name: ingress-nginx-controller\n  namespace: ingress-nginx\n",
            "yaml_body_parsed": "apiVersion: v1\nkind: ConfigMap\nmetadata:\n  name: ingress-nginx-controller\n  namespace: ingress-nginx\n",
            "yaml_incluster": "7cc44ca20413b3feda68ec9f2b83544d9fd5dde056d74b5ab0843354c5a9617f"
          },
          "sensitive_attributes": [
            [
              {
                "type": "get_attr",
                "value": "yaml_incluster"
              }
            ],
            [
              {
                "type": "get_attr",
                "value": "yaml_body"
              }
            ],
            [
              {
                "type": "get_attr",
                "value": "live_manifest_incluster"
              }
            ]
          ],
          "private": "eyJlMmJmYjczMC1lY2FhLTExZTYtOGY4OC0zNDM2M2JjN2M0YzAiOnsiY3JlYXRlIjo2MDAwMDAwMDAwMDB9LCJzY2hlbWFfdmVyc2lvbiI6IjEifQ==",
          "dependencies": [
            "data.kubectl_file_documents.ingress_controller"
          ]
        },
        {
          "index_key": "/api/v1/namespaces/ingress-nginx/serviceaccounts/ingress-nginx",
          "schema_version": 1,
          "attributes": {
            "api_version": "v1",
            "apply_only": false,
            "force_conflicts": false,
            "force_new": false,
            "id": "/api/v1/namespaces/ingress-nginx/serviceaccounts/ingress-nginx",
            "ignore_fields": null,
            "kind": "ServiceAccount",
            "live_manifest_incluster": "9746abe671a9f7369aa47cb71f07cc327d4291a64665c468ad1d42a767c20066",
            "live_uid": "6282be50-0717-4f4b-9e68-0db5650ab2a0",
            "name": "ingress-nginx",
            "namespace": "ingress-nginx",
            "override_namespace": null,
            "sensitive_fields": null,
            "server_side_apply": false,
            "timeouts": null,
            "uid": "6282be50-0717-4f4b-9e68-0db5650ab2a0",
            "validate_schema": true,
            "wait": null,
            "wait_for_rollout": true,
            "yaml_body": "apiVersion: v1\nkind: ServiceAccount\nmetadata:\n  name: ingress-nginx\n  namespace: ingress-nginx\n",
            "yaml_body_parsed": "apiVersion: v1\nkind: ServiceAccount\nmetadata:\n  name: ingress-nginx\n  namespace: ingress-nginx\n",
            "yaml_incluster": "9746abe671a9f7369aa47cb71f07cc327d4291a64665c468ad1d42a767c20066"
          },
          "sensitive_attributes": [
            [
              {
                "type": "get_attr",
                "value": "yaml_body"
              }
            ],
            [
              {
                "type": "get_attr",
                "value": "yaml_incluster"
              }
            ],
            [
              {
                "type": "get_attr",
                "value": "live_manifest_incluster"
              }
            ]
          ],
          "private": "eyJlMmJmYjczMC1lY2FhLTExZTYtOGY4OC0zNDM2M2JjN2M0YzAiOnsiY3JlYXRlIjo2MDAwMDAwMDAwMDB9LCJzY2hlbWFfdmVyc2lvbiI6IjEifQ==",
          "dependencies": [
            "data.kubectl_file_documents.ingress_controller"
          ]
        },
        {
          "index_key": "/api/v1/namespaces/ingress-nginx/services/ingress-nginx-controller",
          "schema_version": 1,
          "attributes": {
            "api_version": "v1",
            "apply_only": false,
            "force_conflicts": false,
            "force_new": false,
            "id": "/api/v1/namespaces/ingress-nginx/services/ingress-nginx-controller",
            "ignore_fields": null,
            "kind": "Service",
            "live_manifest_incluster": "66430d75ca3e247cb201ac7a66aad16c33885d720c00c0bfba214ed393091b55",
            "live_uid": "08515890-2d1c-4859-8a14-ba8aa003014f",
            "name": "ingress-nginx-controller",
            "namespace": "ingress-nginx",
            "override_namespace": null,
            "sensitive_fields": null,
            "server_side_apply": false,
            "timeouts": null,
            "uid": "08515890-2d1c-4859-8a14-ba8aa003014f",
            "validate_schema": true,
            "wait": null,
            "wait_for_rollout": true,
            "yaml_body": "apiVersion: v1\nkind: Service\nmetadata:\n  name: ingress-nginx-controller\n  namespace: ingress-nginx\nspec:\n  ports:\n  - name: http\n    nodePort: 32080\n    port: 80\n    targetPort: 80\n  - name: https\n    nodePort: 32443\n    port: 443\n    targetPort: 443\n  selector:\n    app: ingress-nginx\n  type: NodePort\n",
            "yaml_body_parsed": "apiVersion: v1\nkind: Service\nmetadata:\n  name: ingress-nginx-controller\n  namespace: ingress-nginx\nspec:\n  ports:\n  - name: http\n    nodePort: 32080\n    port: 80\n    targetPort: 80\n  - name: https\n    nodePort: 32443\n    port: 443\n    targetPort: 443\n  selector:\n    app: ingress-nginx\n  type: NodePort\n",
            "yaml_incluster": "66430d75ca3e247cb201ac7a66aad16c33885d720c00c0bfba214ed393091b55"
          },
          "sensitive_attributes": [
            [
              {
                "type": "get_attr",
                "value": "live_manifest_incluster"
              }
            ],
            [
              {
                "type": "get_attr",
                "value": "yaml_body"
              }
            ],
            [
              {
                "type": "get_attr",
                "value": "yaml_incluster"
              }
            ]
          ],
          "private": "eyJlMmJmYjczMC1lY2FhLTExZTYtOGY4OC0zNDM2M2JjN2M0YzAiOnsiY3JlYXRlIjo2MDAwMDAwMDAwMDB9LCJzY2hlbWFfdmVyc2lvbiI6IjEifQ==",
          "dependencies": [
            "data.kubectl_file_documents.ingress_controller"
          ]
        }
      ]
    },
    {
      "mode": "managed",
      "type": "kubectl_manifest",
      "name": "linkedlist",
      "provider": "provider[\"registry.terraform.io/gavinbunney/kubectl\"]",
      "instances": [
        {
          "index_key": "/api/v1/services/linkedlist-service",
          "schema_version": 1,
          "attributes": {
            "api_version": "v1",
            "apply_only": false,
            "force_conflicts": false,
            "force_new": false,
            "id": "/api/v1/namespaces/default/services/linkedlist-service",
            "ignore_fields": null,
            "kind": "Service",
            "live_manifest_incluster": "6eae23fa1662a758714de6532a02ffcae4e1b3306411befa960fd716e59ad833",
            "live_uid": "b7546eb8-bf7c-497e-baf9-0f25d30274a8",
            "name": "linkedlist-service",
            "namespace": null,
            "override_namespace": null,
            "sensitive_fields": null,
            "server_side_apply": false,
            "timeouts": null,
            "uid": "b7546eb8-bf7c-497e-baf9-0f25d30274a8",
            "validate_schema": true,
            "wait": null,
            "wait_for_rollout": true,
            "yaml_body": "apiVersion: v1\nkind: Service\nmetadata:\n  name: linkedlist-service\nspec:\n  ports:\n  - port: 5002\n    targetPort: 5002\n  selector:\n    app: linkedlist\n  type: ClusterIP\n",
            "yaml_body_parsed": "apiVersion: v1\nkind: Service\nmetadata:\n  name: linkedlist-service\nspec:\n  ports:\n  - port: 5002\n    targetPort: 5002\n  selector:\n    app: linkedlist\n  type: ClusterIP\n",
            "yaml_incluster": "6eae23fa1662a758714de6532a02ffcae4e1b3306411befa960fd716e59ad833"
          },
          "sensitive_attributes": [
            [
              {
                "type": "get_attr",
                "value": "live_manifest_incluster"
              }
            ],
            [
              {
                "type": "get_attr",
                "value": "yaml_incluster"
              }
            ],
            [
              {
                "type": "get_attr",
                "value": "yaml_body"
              }
            ]
          ],
          "private": "eyJlMmJmYjczMC1lY2FhLTExZTYtOGY4OC0zNDM2M2JjN2M0YzAiOnsiY3JlYXRlIjo2MDAwMDAwMDAwMDB9LCJzY2hlbWFfdmVyc2lvbiI6IjEifQ==",
          "dependencies": [
            "data.kubectl_file_documents.linkedlist"
          ]
        },
        {
          "index_key": "/apis/apps/v1/deployments/linkedlist-deployment",
          "schema_version": 1,
          "attributes": {
            "api_version": "apps/v1",
            "apply_only": false,
            "force_conflicts": false,
            "force_new": false,
            "id": "/apis/apps/v1/namespaces/default/deployments/linkedlist-deployment",
            "ignore_fields": null,
            "kind": "Deployment",
            "live_manifest_incluster": "079b214352cc93305c8b60e011c6c3e1828f5c9c3c8e959df642621fec158c9f",
            "live_uid": "9062db9e-0bd9-4969-89c0-c4d6e73ee237",
            "name": "linkedlist-deployment",
            "namespace": null,
            "override_namespace": null,
            "sensitive_fields": null,
            "server_side_apply": false,
            "timeouts": null,
            "uid": "9062db9e-0bd9-4969-89c0-c4d6e73ee237",
            "validate_schema": true,
            "wait": null,
            "wait_for_rollout": true,
            "yaml_body": "apiVersion: apps/v1\nkind: Deployment\nmetadata:\n  name: linkedlist-deployment\nspec:\n  replicas: 2\n  selector:\n    matchLabels:\n      app: linkedlist\n  template:\n    metadata:\n      labels:\n        app: linkedlist\n    spec:\n      containers:\n      - image: linkedlist-service:latest\n        imagePullPolicy: Never\n        name: linkedlist\n        ports:\n        - containerPort: 5002\n",
            "yaml_body_parsed": "apiVersion: apps/v1\nkind: Deployment\nmetadata:\n  name: linkedlist-deployment\nspec:\n  replicas: 2\n  selector:\n    matchLabels:\n      app: linkedlist\n  template:\n    metadata:\n      labels:\n        app: linkedlist\n    spec:\n      containers:\n      - image: linkedlist-service:latest\n        imagePullPolicy: Never\n        name: linkedlist\n        ports:\n        - containerPort: 5002\n",
            "yaml_incluster": "079b214352cc93305c8b60e011c6c3e1828f5c9c3c8e959df642621fec158c9f"
          },
          "sensitive_attributes": [
            [
              {
                "type": "get_attr",
                "value": "live_manifest_incluster"
              }
            ],
            [
              {
                "type": "get_attr",
                "value": "yaml_incluster"
              }
            ],
            [
              {
                "type": "get_attr",
                "value": "yaml_body"
              }
            ]
          ],
          "private": "eyJlMmJmYjczMC1lY2FhLTExZTYtOGY4OC0zNDM2M2JjN2M0YzAiOnsiY3JlYXRlIjo2MDAwMDAwMDAwMDB9LCJzY2hlbWFfdmVyc2lvbiI6IjEifQ==",
          "dependencies": [
            "data.kubectl_file_documents.linkedlist"
          ]
        }
      ]
    },
    {
      "mode": "managed",
      "type": "kubectl_manifest",
      "name": "stack",
      "provider": "provider[\"registry.terraform.io/gavinbunney/kubectl\"]",
      "instances": [
        {
          "index_key": "/api/v1/services/stack-service",
          "schema_version": 1,
          "attributes": {
            "api_version": "v1",
            "apply_only": false,
            "force_conflicts": false,
            "force_new": false,
            "id": "/api/v1/namespaces/default/services/stack-service",
            "ignore_fields": null,
            "kind": "Service",
            "live_manifest_incluster": "91a90e2745a4b6892875c51a7eb03e4d3e01ff1e901b4c59b103f8eb4cdcdab6",
            "live_uid": "e1aed979-ead6-4aca-9768-7bf8d2a625f9",
            "name": "stack-service",
            "namespace": null,
            "override_namespace": null,
            "sensitive_fields": null,
            "server_side_apply": false,
            "timeouts": null,
            "uid": "e1aed979-ead6-4aca-9768-7bf8d2a625f9",
            "validate_schema": true,
            "wait": null,
            "wait_for_rollout": true,
            "yaml_body": "apiVersion: v1\nkind: Service\nmetadata:\n  name: stack-service\nspec:\n  ports:\n  - port: 5001\n    targetPort: 5001\n  selector:\n    app: stack\n  type: ClusterIP\n",
            "yaml_body_parsed": "apiVersion: v1\nkind: Service\nmetadata:\n  name: stack-service\nspec:\n  ports:\n  - port: 5001\n    targetPort: 5001\n  selector:\n    app: stack\n  type: ClusterIP\n",
            "yaml_incluster": "91a90e2745a4b6892875c51a7eb03e4d3e01ff1e901b4c59b103f8eb4cdcdab6"
          },
          "sensitive_attributes": [
            [
              {
                "type": "get_attr",
                "value": "yaml_body"
              }
            ],
            [
              {
                "type": "get_attr",
                "value": "live_manifest_incluster"
              }
            ],
            [
              {
                "type": "get_attr",
                "value": "yaml_incluster"
              }
            ]
          ],
          "private": "eyJlMmJmYjczMC1lY2FhLTExZTYtOGY4OC0zNDM2M2JjN2M0YzAiOnsiY3JlYXRlIjo2MDAwMDAwMDAwMDB9LCJzY2hlbWFfdmVyc2lvbiI6IjEifQ==",
          "dependencies": [
            "data.kubectl_file_documents.stack"
          ]
        },
        {
          "index_key": "/apis/apps/v1/deployments/stack-deployment",
          "schema_version": 1,
          "attributes": {
            "api_version": "apps/v1",
            "apply_only": false,
            "force_conflicts": false,
            "force_new": false,
            "id": "/apis/apps/v1/namespaces/default/deployments/stack-deployment",
            "ignore_fields": null,
            "kind": "Deployment",
            "live_manifest_incluster": "98b6457ed26333b2635ef5c87e98489c6a6d3636979c34a12f08a57441c37029",
            "live_uid": "6e06b17d-4386-4115-83ff-c047a7c80a9c",
            "name": "stack-deployment",
            "namespace": null,
            "override_namespace": null,
            "sensitive_fields": null,
            "server_side_apply": false,
            "timeouts": null,
            "uid": "6e06b17d-4386-4115-83ff-c047a7c80a9c",
            "validate_schema": true,
            "wait": null,
            "wait_for_rollout": true,
            "yaml_body": "apiVersion: apps/v1\nkind: Deployment\nmetadata:\n  name: stack-deployment\nspec:\n  replicas: 2\n  selector:\n    matchLabels:\n      app: stack\n  template:\n    metadata:\n      labels:\n        app: stack\n    spec:\n      containers:\n      - image: stack-service:latest\n        imagePullPolicy: Never\n        name: stack\n        ports:\n        - containerPort: 5001\n",
            "yaml_body_parsed": "apiVersion: apps/v1\nkind: Deployment\nmetadata:\n  name: stack-deployment\nspec:\n  replicas: 2\n  selector:\n    matchLabels:\n      app: stack\n  template:\n    metadata:\n      labels:\n        app: stack\n    spec:\n      containers:\n      - image: stack-service:latest\n        imagePullPolicy: Never\n        name: stack\n        ports:\n        - containerPort: 5001\n",
            "yaml_incluster": "98b6457ed26333b2635ef5c87e98489c6a6d3636979c34a12f08a57441c37029"
          },
          "sensitive_attributes": [
            [
              {
                "type": "get_attr",
                "value": "yaml_body"
              }
            ],
            [
              {
                "type": "get_attr",
                "value": "yaml_incluster"
              }
            ],
            [
              {
                "type": "get_attr",
                "value": "live_manifest_incluster"
              }
            ]
          ],
          "private": "eyJlMmJmYjczMC1lY2FhLTExZTYtOGY4OC0zNDM2M2JjN2M0YzAiOnsiY3JlYXRlIjo2MDAwMDAwMDAwMDB9LCJzY2hlbWFfdmVyc2lvbiI6IjEifQ==",
          "dependencies": [
            "data.kubectl_file_documents.stack"
          ]
        }
      ]
    },
    {
      "mode": "managed",
      "type": "kubectl_manifest",
      "name": "ui",
      "provider": "provider[\"registry.terraform.io/gavinbunney/kubectl\"]",
      "instances": [
        {
          "index_key": "/api/v1/services/ui-service",
          "schema_version": 1,
          "attributes": {
            "api_version": "v1",
            "apply_only": false,
            "force_conflicts": false,
            "force_new": false,
            "id": "/api/v1/namespaces/default/services/ui-service",
            "ignore_fields": null,
            "kind": "Service",
            "live_manifest_incluster": "ad17a8c96788212ecf193c557d71b10ba543e94ca5d64be3303c6f5ef11cdceb",
            "live_uid": "7116db78-ca1b-4e9a-b3a6-51e3a7cfa660",
            "name": "ui-service",
            "namespace": null,
            "override_namespace": null,
            "sensitive_fields": null,
            "server_side_apply": false,
            "timeouts": null,
            "uid": "7116db78-ca1b-4e9a-b3a6-51e3a7cfa660",
            "validate_schema": true,
            "wait": null,
            "wait_for_rollout": true,
            "yaml_body": "apiVersion: v1\nkind: Service\nmetadata:\n  name: ui-service\nspec:\n  ports:\n  - port: 80\n    targetPort: 80\n  selector:\n    app: ui\n  type: ClusterIP\n",
            "yaml_body_parsed": "apiVersion: v1\nkind: Service\nmetadata:\n  name: ui-service\nspec:\n  ports:\n  - port: 80\n    targetPort: 80\n  selector:\n    app: ui\n  type: ClusterIP\n",
            "yaml_incluster": "ad17a8c96788212ecf193c557d71b10ba543e94ca5d64be3303c6f5ef11cdceb"
          },
          "sensitive_attributes": [
            [
              {
                "type": "get_attr",
                "value": "yaml_body"
              }
            ],
            [
              {
                "type": "get_attr",
                "value": "live_manifest_incluster"
              }
            ],
            [
              {
                "type": "get_attr",
                "value": "yaml_incluster"
              }
            ]
          ],
          "private": "eyJlMmJmYjczMC1lY2FhLTExZTYtOGY4OC0zNDM2M2JjN2M0YzAiOnsiY3JlYXRlIjo2MDAwMDAwMDAwMDB9LCJzY2hlbWFfdmVyc2lvbiI6IjEifQ==",
          "dependencies": [
            "data.kubectl_file_documents.ui"
          ]
        },
        {
          "index_key": "/apis/apps/v1/deployments/ui-deployment",
          "schema_version": 1,
          "attributes": {
            "api_version": "apps/v1",
            "apply_only": false,
            "force_conflicts": false,
            "force_new": false,
            "id": "/apis/apps/v1/namespaces/default/deployments/ui-deployment",
            "ignore_fields": null,
            "kind": "Deployment",
            "live_manifest_incluster": "d5eb6cda7a8bd9a7f7c9ad5a9fbc409df7d5fa1cb969bb1ccdab92217ee08e4b",
            "live_uid": "00f6b6fc-5744-4eb0-8e20-02cddc818392",
            "name": "ui-deployment",
            "namespace": null,
            "override_namespace": null,
            "sensitive_fields": null,
            "server_side_apply": false,
            "timeouts": null,
            "uid": "00f6b6fc-5744-4eb0-8e20-02cddc818392",
            "validate_schema": true,
            "wait": null,
            "wait_for_rollout": true,
            "yaml_body": "apiVersion: apps/v1\nkind: Deployment\nmetadata:\n  name: ui-deployment\nspec:\n  replicas: 2\n  selector:\n    matchLabels:\n      app: ui\n  template:\n    metadata:\n      labels:\n        app: ui\n    spec:\n      containers:\n      - image: ui-service:latest\n        imagePullPolicy: Never\n        name: ui\n        ports:\n        - containerPort: 80\n",
            "yaml_body_parsed": "apiVersion: apps/v1\nkind: Deployment\nmetadata:\n  name: ui-deployment\nspec:\n  replicas: 2\n  selector:\n    matchLabels:\n      app: ui\n  template:\n    metadata:\n      labels:\n        app: ui\n    spec:\n      containers:\n      - image: ui-service:latest\n        imagePullPolicy: Never\n        name: ui\n        ports:\n        - containerPort: 80\n",
            "yaml_incluster": "d5eb6cda7a8bd9a7f7c9ad5a9fbc409df7d5fa1cb969bb1ccdab92217ee08e4b"
          },
          "sensitive_attributes": [
            [
              {
                "type": "get_attr",
                "value": "yaml_body"
              }
            ],
            [
              {
                "type": "get_attr",
                "value": "live_manifest_incluster"
              }
            ],
            [
              {
                "type": "get_attr",
                "value": "yaml_incluster"
              }
            ]
          ],
          "private": "eyJlMmJmYjczMC1lY2FhLTExZTYtOGY4OC0zNDM2M2JjN2M0YzAiOnsiY3JlYXRlIjo2MDAwMDAwMDAwMDB9LCJzY2hlbWFfdmVyc2lvbiI6IjEifQ==",
          "dependencies": [
            "data.kubectl_file_documents.ui"
          ]
        }
      ]
    }
  ],
  "check_results": null
}
